<?xml version="1.0" encoding="utf-8"?>
<Project ToolsVersion="4.0" xmlns="http://schemas.microsoft.com/developer/msbuild/2003">
  <ItemGroup>
    <Filter Include="99.Wls">
      <UniqueIdentifier>{28296053-26be-4045-8f33-11560a8c00b9}</UniqueIdentifier>
    </Filter>
    <Filter Include="99.Wls\리소스 파일">
      <UniqueIdentifier>{67DA6AB6-F800-4c08-8B7A-83BB121AAD01}</UniqueIdentifier>
      <Extensions>rc;ico;cur;bmp;dlg;rc2;rct;bin;rgs;gif;jpg;jpeg;jpe;resx;tiff;tif;png;wav;mfcribbon-ms</Extensions>
    </Filter>
    <Filter Include="98.Headers">
      <UniqueIdentifier>{e5fe7f53-2f2c-417b-92bf-e22f5a7df445}</UniqueIdentifier>
    </Filter>
    <Filter Include="01.Manager">
      <UniqueIdentifier>{a50b67da-6d21-4cf6-9330-ac5803c91ce4}</UniqueIdentifier>
    </Filter>
    <Filter Include="01.Manager\00.Dx9DeviceManager">
      <UniqueIdentifier>{6a75542f-c799-4907-953e-8d1bb3e34069}</UniqueIdentifier>
    </Filter>
    <Filter Include="01.Manager\01.TimeManager">
      <UniqueIdentifier>{52de197a-c328-49e8-aa0f-14701234d13a}</UniqueIdentifier>
    </Filter>
    <Filter Include="01.Manager\02.InputManager">
      <UniqueIdentifier>{596e0f71-75a4-4891-8972-ccfc71c293d4}</UniqueIdentifier>
    </Filter>
    <Filter Include="02.Structure">
      <UniqueIdentifier>{e2c25aac-a613-406d-9401-d57a1de678dd}</UniqueIdentifier>
    </Filter>
    <Filter Include="02.Structure\State">
      <UniqueIdentifier>{63fe55ad-c04e-4e22-8672-3ff0c041c85f}</UniqueIdentifier>
    </Filter>
    <Filter Include="98.Headers\Define">
      <UniqueIdentifier>{46a377ed-8439-4bb4-9a58-3a27f50f8dd2}</UniqueIdentifier>
    </Filter>
    <Filter Include="98.Headers\Enum">
      <UniqueIdentifier>{ee2c32f3-2e4d-488d-b168-786b84f939d0}</UniqueIdentifier>
    </Filter>
    <Filter Include="98.Headers\Extern">
      <UniqueIdentifier>{d3c31e27-fed9-4f69-84af-7a683aa51c57}</UniqueIdentifier>
    </Filter>
    <Filter Include="98.Headers\Struct">
      <UniqueIdentifier>{0ac7187f-d001-466c-ae39-47096ae7b932}</UniqueIdentifier>
    </Filter>
    <Filter Include="02.Structure\Cycle">
      <UniqueIdentifier>{9e3d94e9-f621-4155-9e65-58a6a12434c4}</UniqueIdentifier>
    </Filter>
    <Filter Include="03.GameObject">
      <UniqueIdentifier>{36b8bc3d-733f-42d3-a335-d45a434ff9db}</UniqueIdentifier>
    </Filter>
    <Filter Include="04.Component">
      <UniqueIdentifier>{6c1e316e-f0b5-4b81-91cc-6cd384009991}</UniqueIdentifier>
    </Filter>
    <Filter Include="05.Scene">
      <UniqueIdentifier>{015563c7-4824-4b2e-8f68-8f2a6df0a28f}</UniqueIdentifier>
    </Filter>
    <Filter Include="02.Structure\Renderer">
      <UniqueIdentifier>{13bea1fd-77da-4ace-8f2a-c28b2cd50638}</UniqueIdentifier>
    </Filter>
    <Filter Include="01.Manager\03.SceneManager">
      <UniqueIdentifier>{cdd4bd81-c818-4778-b4c5-a885c3a32aed}</UniqueIdentifier>
    </Filter>
    <Filter Include="01.Manager\04.GameObjectManager">
      <UniqueIdentifier>{2bbb208f-ac72-49d9-95b8-b26f7cf32e32}</UniqueIdentifier>
    </Filter>
    <Filter Include="01.Manager\05.RenderManager">
      <UniqueIdentifier>{7330d474-e3d5-438d-90e3-ec43564e9744}</UniqueIdentifier>
    </Filter>
    <Filter Include="02.Structure\Component">
      <UniqueIdentifier>{7f627765-c84c-4a20-a524-0bcee41ce855}</UniqueIdentifier>
    </Filter>
    <Filter Include="04.Component\00.Transform">
      <UniqueIdentifier>{00c4e6c9-5435-4640-9ba3-344e02b6c54f}</UniqueIdentifier>
    </Filter>
    <Filter Include="04.Component\01.Renderer">
      <UniqueIdentifier>{92f712c6-f0ed-4fc1-bd8f-7069407a962e}</UniqueIdentifier>
    </Filter>
    <Filter Include="04.Component\01.Renderer\VIBuffer">
      <UniqueIdentifier>{4f6d56fa-9e5c-4226-a812-ac76cc1f65e7}</UniqueIdentifier>
    </Filter>
    <Filter Include="01.Manager\99.DebugManager">
      <UniqueIdentifier>{9a0131cd-eea7-474c-8206-57716773da1c}</UniqueIdentifier>
    </Filter>
    <Filter Include="98.Headers\TypeDef">
      <UniqueIdentifier>{6f713e96-446c-4f78-b4a9-85e28c6dacd1}</UniqueIdentifier>
    </Filter>
    <Filter Include="06.Resource">
      <UniqueIdentifier>{2daab0a7-b4bd-42d2-a2e5-74b602b6d148}</UniqueIdentifier>
    </Filter>
    <Filter Include="06.Resource\00.VIBuffer">
      <UniqueIdentifier>{0693cd42-8855-44be-b523-cc54e6dcf699}</UniqueIdentifier>
    </Filter>
    <Filter Include="06.Resource\00.VIBuffer\00.Triangle">
      <UniqueIdentifier>{1584bd63-fbc3-4d33-b3ce-bb2c791451c1}</UniqueIdentifier>
    </Filter>
    <Filter Include="06.Resource\00.VIBuffer\01.Rect">
      <UniqueIdentifier>{84ec73d5-6fcf-4794-99db-3122b294e5fb}</UniqueIdentifier>
    </Filter>
    <Filter Include="06.Resource\00.VIBuffer\02.Cube">
      <UniqueIdentifier>{51fd29e1-39c0-47af-8dfe-5b4ec157786d}</UniqueIdentifier>
    </Filter>
    <Filter Include="00.Mother">
      <UniqueIdentifier>{15671e5b-2bc2-4020-acfb-91c83665bca1}</UniqueIdentifier>
    </Filter>
    <Filter Include="01.Manager\06.ResourceManager">
      <UniqueIdentifier>{f68f540c-58a0-4de5-a489-9f25c0f2fe33}</UniqueIdentifier>
    </Filter>
    <Filter Include="02.Structure\Resource">
      <UniqueIdentifier>{d34a8e07-e6c7-4167-9cf3-6723d9c5b946}</UniqueIdentifier>
    </Filter>
    <Filter Include="97.Utility">
      <UniqueIdentifier>{6c6ac9f5-1a30-4b3a-b754-b6e4d7ee62d4}</UniqueIdentifier>
    </Filter>
    <Filter Include="97.Utility\String/Char_Function">
      <UniqueIdentifier>{d6bcb00d-7b84-4c74-a78b-f7420d37b020}</UniqueIdentifier>
    </Filter>
    <Filter Include="04.Component\02.Camera">
      <UniqueIdentifier>{51333a50-2a30-454c-a0f9-9846d2c74f15}</UniqueIdentifier>
    </Filter>
    <Filter Include="06.Resource\00.VIBuffer\03.SkyBox">
      <UniqueIdentifier>{d49760c5-d5ab-4e5d-862d-e26e2cfa6aed}</UniqueIdentifier>
    </Filter>
    <Filter Include="06.Resource\00.VIBuffer\04.Sphere">
      <UniqueIdentifier>{a270a619-3ff3-4299-a722-59a85c1c27dc}</UniqueIdentifier>
    </Filter>
    <Filter Include="06.Resource\01.Texture">
      <UniqueIdentifier>{930bd6be-7d46-4f4a-b929-428219d8df01}</UniqueIdentifier>
    </Filter>
    <Filter Include="06.Resource\00.VIBuffer\02.Cube\00.Color">
      <UniqueIdentifier>{9391b299-58c9-41b8-b579-b1c89e0e7f7f}</UniqueIdentifier>
    </Filter>
    <Filter Include="06.Resource\00.VIBuffer\02.Cube\01.Texture_Imgae">
      <UniqueIdentifier>{fe9c70e3-1ca4-477a-9f81-210f609eea0d}</UniqueIdentifier>
    </Filter>
    <Filter Include="06.Resource\00.VIBuffer\02.Cube\02.DDS">
      <UniqueIdentifier>{bc8587de-2385-4e83-9c49-519b06c0a84c}</UniqueIdentifier>
    </Filter>
    <Filter Include="06.Resource\00.VIBuffer\01.Rect\01.Texture_Image">
      <UniqueIdentifier>{2dcb53dd-8626-4818-9073-0f14aa213f11}</UniqueIdentifier>
    </Filter>
    <Filter Include="06.Resource\00.VIBuffer\01.Rect\00.Color">
      <UniqueIdentifier>{987b3ad2-e593-46e1-b831-fd0507e06e20}</UniqueIdentifier>
    </Filter>
    <Filter Include="97.Utility\Math">
      <UniqueIdentifier>{c90ae67e-3072-44fa-b748-d33f7e99b3b2}</UniqueIdentifier>
    </Filter>
    <Filter Include="01.Manager\07.UiManager">
      <UniqueIdentifier>{57777b2c-7a59-4123-a81d-f33b66266076}</UniqueIdentifier>
    </Filter>
    <Filter Include="04.Component\01.Renderer\UI">
      <UniqueIdentifier>{c6d69e93-ac04-4573-a3ab-b7876877b535}</UniqueIdentifier>
    </Filter>
    <Filter Include="96.System">
      <UniqueIdentifier>{f74103e2-4792-4616-aa96-051ec1a5039a}</UniqueIdentifier>
    </Filter>
    <Filter Include="96.System\00.FPS">
      <UniqueIdentifier>{c95c7d61-9574-4f3d-b36a-675f9a65cd7a}</UniqueIdentifier>
    </Filter>
    <Filter Include="06.Resource\01.UI">
      <UniqueIdentifier>{8d658703-8235-4c0f-ac07-1f8981c6a563}</UniqueIdentifier>
    </Filter>
    <Filter Include="06.Resource\01.UI\00.Sprite">
      <UniqueIdentifier>{3b9b2d4a-7644-49e8-a878-a68aad4acf11}</UniqueIdentifier>
    </Filter>
    <Filter Include="06.Resource\01.UI\01.Text">
      <UniqueIdentifier>{eee441eb-bb7a-4bee-8bc5-ebea371733a4}</UniqueIdentifier>
    </Filter>
  </ItemGroup>
  <ItemGroup>
    <ClCompile Include="..\Cpp\DeviceManager.cpp">
      <Filter>01.Manager\00.Dx9DeviceManager</Filter>
    </ClCompile>
    <ClCompile Include="..\Cpp\TimeManager.cpp">
      <Filter>01.Manager\01.TimeManager</Filter>
    </ClCompile>
    <ClCompile Include="..\Cpp\State.cpp">
      <Filter>02.Structure\State</Filter>
    </ClCompile>
    <ClCompile Include="..\Cpp\Cycle.cpp">
      <Filter>02.Structure\Cycle</Filter>
    </ClCompile>
    <ClCompile Include="..\Cpp\Renderer.cpp">
      <Filter>02.Structure\Renderer</Filter>
    </ClCompile>
    <ClCompile Include="..\Cpp\SceneManager.cpp">
      <Filter>01.Manager\03.SceneManager</Filter>
    </ClCompile>
    <ClCompile Include="..\Cpp\Scene.cpp">
      <Filter>05.Scene</Filter>
    </ClCompile>
    <ClCompile Include="..\Cpp\GameObject.cpp">
      <Filter>03.GameObject</Filter>
    </ClCompile>
    <ClCompile Include="..\Cpp\GameObjectManager.cpp">
      <Filter>01.Manager\04.GameObjectManager</Filter>
    </ClCompile>
    <ClCompile Include="..\Cpp\RenderManager.cpp">
      <Filter>01.Manager\05.RenderManager</Filter>
    </ClCompile>
    <ClCompile Include="..\Cpp\InputManager.cpp">
      <Filter>01.Manager\02.InputManager</Filter>
    </ClCompile>
    <ClCompile Include="..\Cpp\Component.cpp">
      <Filter>02.Structure\Component</Filter>
    </ClCompile>
    <ClCompile Include="..\Cpp\VIBuffer_Renderer.cpp">
      <Filter>04.Component\01.Renderer\VIBuffer</Filter>
    </ClCompile>
    <ClCompile Include="..\Cpp\DebugManager.cpp">
      <Filter>01.Manager\99.DebugManager</Filter>
    </ClCompile>
    <ClCompile Include="..\Cpp\Transform.cpp">
      <Filter>04.Component\00.Transform</Filter>
    </ClCompile>
    <ClCompile Include="..\Cpp\VIBuffer.cpp">
      <Filter>06.Resource\00.VIBuffer</Filter>
    </ClCompile>
    <ClCompile Include="..\Cpp\Triangle_VIBuffer_Color.cpp">
      <Filter>06.Resource\00.VIBuffer\00.Triangle</Filter>
    </ClCompile>
    <ClCompile Include="..\Cpp\Engine_Mother.cpp">
      <Filter>00.Mother</Filter>
    </ClCompile>
    <ClCompile Include="..\Cpp\ResourceManager.cpp">
      <Filter>01.Manager\06.ResourceManager</Filter>
    </ClCompile>
    <ClCompile Include="..\Cpp\CResource.cpp">
      <Filter>02.Structure\Resource</Filter>
    </ClCompile>
    <ClCompile Include="..\Cpp\Function_String.cpp">
      <Filter>97.Utility\String/Char_Function</Filter>
    </ClCompile>
    <ClCompile Include="..\Cpp\Camera.cpp">
      <Filter>04.Component\02.Camera</Filter>
    </ClCompile>
    <ClCompile Include="..\Cpp\SkyBox_VIBuffer_DDS.cpp">
      <Filter>06.Resource\00.VIBuffer\03.SkyBox</Filter>
    </ClCompile>
    <ClCompile Include="..\Cpp\Rect_VIBuffer_Color.cpp">
      <Filter>06.Resource\00.VIBuffer\01.Rect\00.Color</Filter>
    </ClCompile>
    <ClCompile Include="..\Cpp\Cube_VIBuffer_Texture.cpp">
      <Filter>06.Resource\00.VIBuffer\02.Cube\01.Texture_Imgae</Filter>
    </ClCompile>
    <ClCompile Include="..\Cpp\Rect_VIBuffer_Texture.cpp">
      <Filter>06.Resource\00.VIBuffer\01.Rect\01.Texture_Image</Filter>
    </ClCompile>
    <ClCompile Include="..\Cpp\Cube_VIBuffer_DDS.cpp">
      <Filter>06.Resource\00.VIBuffer\02.Cube\02.DDS</Filter>
    </ClCompile>
    <ClCompile Include="..\Cpp\Texture.cpp">
      <Filter>06.Resource\01.Texture</Filter>
    </ClCompile>
    <ClCompile Include="..\Cpp\Cube_VIBuffer_Color.cpp">
      <Filter>06.Resource\00.VIBuffer\02.Cube\00.Color</Filter>
    </ClCompile>
    <ClCompile Include="..\Cpp\UI_Renderer.cpp">
      <Filter>04.Component\01.Renderer\UI</Filter>
    </ClCompile>
    <ClCompile Include="..\Cpp\Sprite.cpp">
      <Filter>06.Resource\01.UI\00.Sprite</Filter>
    </ClCompile>
    <ClCompile Include="..\Cpp\UIManager.cpp">
      <Filter>01.Manager\07.UiManager</Filter>
    </ClCompile>
    <ClCompile Include="..\Cpp\Text.cpp">
      <Filter>06.Resource\01.UI\01.Text</Filter>
    </ClCompile>
    <ClCompile Include="..\Cpp\UI.cpp">
      <Filter>06.Resource\01.UI</Filter>
    </ClCompile>
  </ItemGroup>
  <ItemGroup>
    <ClInclude Include="..\Header\DeviceManager.h">
      <Filter>01.Manager\00.Dx9DeviceManager</Filter>
    </ClInclude>
    <ClInclude Include="..\Header\TimeManager.h">
      <Filter>01.Manager\01.TimeManager</Filter>
    </ClInclude>
    <ClInclude Include="..\Header\Engine_Include.h">
      <Filter>98.Headers</Filter>
    </ClInclude>
    <ClInclude Include="..\Header\Engine_Struct.h">
      <Filter>98.Headers\Struct</Filter>
    </ClInclude>
    <ClInclude Include="..\Header\Engine_Extern.h">
      <Filter>98.Headers\Extern</Filter>
    </ClInclude>
    <ClInclude Include="..\Header\Engine_Enum.h">
      <Filter>98.Headers\Enum</Filter>
    </ClInclude>
    <ClInclude Include="..\Header\State.h">
      <Filter>02.Structure\State</Filter>
    </ClInclude>
    <ClInclude Include="..\Header\Engine_Define.h">
      <Filter>98.Headers\Define</Filter>
    </ClInclude>
    <ClInclude Include="..\Header\Cycle.h">
      <Filter>02.Structure\Cycle</Filter>
    </ClInclude>
    <ClInclude Include="..\Header\Renderer.h">
      <Filter>02.Structure\Renderer</Filter>
    </ClInclude>
    <ClInclude Include="..\Header\SceneManager.h">
      <Filter>01.Manager\03.SceneManager</Filter>
    </ClInclude>
    <ClInclude Include="..\Header\Scene.h">
      <Filter>05.Scene</Filter>
    </ClInclude>
    <ClInclude Include="..\Header\GameObject.h">
      <Filter>03.GameObject</Filter>
    </ClInclude>
    <ClInclude Include="..\Header\GameObjectManager.h">
      <Filter>01.Manager\04.GameObjectManager</Filter>
    </ClInclude>
    <ClInclude Include="..\Header\RenderManager.h">
      <Filter>01.Manager\05.RenderManager</Filter>
    </ClInclude>
    <ClInclude Include="..\Header\InputManager.h">
      <Filter>01.Manager\02.InputManager</Filter>
    </ClInclude>
    <ClInclude Include="..\Header\Component.h">
      <Filter>02.Structure\Component</Filter>
    </ClInclude>
    <ClInclude Include="..\Header\VIBuffer_Renderer.h">
      <Filter>04.Component\01.Renderer\VIBuffer</Filter>
    </ClInclude>
    <ClInclude Include="..\Header\Engine_KeyDefine.h">
      <Filter>98.Headers\Define</Filter>
    </ClInclude>
    <ClInclude Include="..\Header\DebugManager.h">
      <Filter>01.Manager\99.DebugManager</Filter>
    </ClInclude>
    <ClInclude Include="..\Header\Engine_TypeDef.h">
      <Filter>98.Headers\TypeDef</Filter>
    </ClInclude>
    <ClInclude Include="..\Header\Transform.h">
      <Filter>04.Component\00.Transform</Filter>
    </ClInclude>
    <ClInclude Include="..\Header\VIBuffer.h">
      <Filter>06.Resource\00.VIBuffer</Filter>
    </ClInclude>
    <ClInclude Include="..\Header\Triangle_VIBuffer_Color.h">
      <Filter>06.Resource\00.VIBuffer\00.Triangle</Filter>
    </ClInclude>
    <ClInclude Include="..\Header\Engine_Mother.h">
      <Filter>00.Mother</Filter>
    </ClInclude>
    <ClInclude Include="..\Header\ResourceManager.h">
      <Filter>01.Manager\06.ResourceManager</Filter>
    </ClInclude>
    <ClInclude Include="..\Header\CResource.h">
      <Filter>02.Structure\Resource</Filter>
    </ClInclude>
    <ClInclude Include="..\Header\Function_String.h">
      <Filter>97.Utility\String/Char_Function</Filter>
    </ClInclude>
    <ClInclude Include="..\Header\Camera.h">
      <Filter>04.Component\02.Camera</Filter>
    </ClInclude>
    <ClInclude Include="..\Header\SkyBox_VIBuffer_DDS.h">
      <Filter>06.Resource\00.VIBuffer\03.SkyBox</Filter>
    </ClInclude>
    <ClInclude Include="..\Header\Rect_VIBuffer_Color.h">
      <Filter>06.Resource\00.VIBuffer\01.Rect\00.Color</Filter>
    </ClInclude>
    <ClInclude Include="..\Header\Cube_VIBuffer_Texture.h">
      <Filter>06.Resource\00.VIBuffer\02.Cube\01.Texture_Imgae</Filter>
    </ClInclude>
    <ClInclude Include="..\Header\Rect_VIBuffer_Texture.h">
      <Filter>06.Resource\00.VIBuffer\01.Rect\01.Texture_Image</Filter>
    </ClInclude>
    <ClInclude Include="..\Header\Cube_VIBuffer_DDS.h">
      <Filter>06.Resource\00.VIBuffer\02.Cube\02.DDS</Filter>
    </ClInclude>
    <ClInclude Include="..\Header\Texture.h">
      <Filter>06.Resource\01.Texture</Filter>
    </ClInclude>
    <ClInclude Include="..\Header\Cube_VIBuffer_Color.h">
      <Filter>06.Resource\00.VIBuffer\02.Cube\00.Color</Filter>
    </ClInclude>
    <ClInclude Include="..\Header\UI_Renderer.h">
      <Filter>04.Component\01.Renderer\UI</Filter>
    </ClInclude>
    <ClInclude Include="..\Header\Sprite.h">
      <Filter>06.Resource\01.UI\00.Sprite</Filter>
    </ClInclude>
    <ClInclude Include="..\Header\UIManager.h">
      <Filter>01.Manager\07.UiManager</Filter>
    </ClInclude>
    <ClInclude Include="..\Header\Text.h">
      <Filter>06.Resource\01.UI\01.Text</Filter>
    </ClInclude>
    <ClInclude Include="..\Header\UI.h">
      <Filter>06.Resource\01.UI</Filter>
    </ClInclude>
  </ItemGroup>
</Project>