<?xml version="1.0" encoding="utf-8"?>
<Project ToolsVersion="4.0" xmlns="http://schemas.microsoft.com/developer/msbuild/2003">
  <ItemGroup>
    <Filter Include="99.Wls">
      <UniqueIdentifier>{28296053-26be-4045-8f33-11560a8c00b9}</UniqueIdentifier>
    </Filter>
    <Filter Include="99.Wls\리소스 파일">
      <UniqueIdentifier>{67DA6AB6-F800-4c08-8B7A-83BB121AAD01}</UniqueIdentifier>
      <Extensions>rc;ico;cur;bmp;dlg;rc2;rct;bin;rgs;gif;jpg;jpeg;jpe;resx;tiff;tif;png;wav;mfcribbon-ms</Extensions>
    </Filter>
    <Filter Include="01.Manager">
      <UniqueIdentifier>{a50b67da-6d21-4cf6-9330-ac5803c91ce4}</UniqueIdentifier>
    </Filter>
    <Filter Include="01.Manager\00.Dx9DeviceManager">
      <UniqueIdentifier>{6a75542f-c799-4907-953e-8d1bb3e34069}</UniqueIdentifier>
    </Filter>
    <Filter Include="01.Manager\01.TimeManager">
      <UniqueIdentifier>{52de197a-c328-49e8-aa0f-14701234d13a}</UniqueIdentifier>
    </Filter>
    <Filter Include="01.Manager\02.InputManager">
      <UniqueIdentifier>{596e0f71-75a4-4891-8972-ccfc71c293d4}</UniqueIdentifier>
    </Filter>
    <Filter Include="02.Structure">
      <UniqueIdentifier>{e2c25aac-a613-406d-9401-d57a1de678dd}</UniqueIdentifier>
    </Filter>
    <Filter Include="02.Structure\Cycle">
      <UniqueIdentifier>{9e3d94e9-f621-4155-9e65-58a6a12434c4}</UniqueIdentifier>
    </Filter>
    <Filter Include="03.GameObject">
      <UniqueIdentifier>{36b8bc3d-733f-42d3-a335-d45a434ff9db}</UniqueIdentifier>
    </Filter>
    <Filter Include="04.Component">
      <UniqueIdentifier>{6c1e316e-f0b5-4b81-91cc-6cd384009991}</UniqueIdentifier>
    </Filter>
    <Filter Include="05.Scene">
      <UniqueIdentifier>{015563c7-4824-4b2e-8f68-8f2a6df0a28f}</UniqueIdentifier>
    </Filter>
    <Filter Include="02.Structure\Renderer">
      <UniqueIdentifier>{13bea1fd-77da-4ace-8f2a-c28b2cd50638}</UniqueIdentifier>
    </Filter>
    <Filter Include="01.Manager\03.SceneManager">
      <UniqueIdentifier>{cdd4bd81-c818-4778-b4c5-a885c3a32aed}</UniqueIdentifier>
    </Filter>
    <Filter Include="01.Manager\04.GameObjectManager">
      <UniqueIdentifier>{2bbb208f-ac72-49d9-95b8-b26f7cf32e32}</UniqueIdentifier>
    </Filter>
    <Filter Include="01.Manager\05.RenderManager">
      <UniqueIdentifier>{7330d474-e3d5-438d-90e3-ec43564e9744}</UniqueIdentifier>
    </Filter>
    <Filter Include="02.Structure\Component">
      <UniqueIdentifier>{7f627765-c84c-4a20-a524-0bcee41ce855}</UniqueIdentifier>
    </Filter>
    <Filter Include="04.Component\00.Transform">
      <UniqueIdentifier>{00c4e6c9-5435-4640-9ba3-344e02b6c54f}</UniqueIdentifier>
    </Filter>
    <Filter Include="04.Component\01.Renderer">
      <UniqueIdentifier>{92f712c6-f0ed-4fc1-bd8f-7069407a962e}</UniqueIdentifier>
    </Filter>
    <Filter Include="01.Manager\99.DebugManager">
      <UniqueIdentifier>{9a0131cd-eea7-474c-8206-57716773da1c}</UniqueIdentifier>
    </Filter>
    <Filter Include="06.Resource">
      <UniqueIdentifier>{2daab0a7-b4bd-42d2-a2e5-74b602b6d148}</UniqueIdentifier>
    </Filter>
    <Filter Include="06.Resource\00.VIBuffer">
      <UniqueIdentifier>{0693cd42-8855-44be-b523-cc54e6dcf699}</UniqueIdentifier>
    </Filter>
    <Filter Include="00.Mother">
      <UniqueIdentifier>{15671e5b-2bc2-4020-acfb-91c83665bca1}</UniqueIdentifier>
    </Filter>
    <Filter Include="01.Manager\06.ResourceManager">
      <UniqueIdentifier>{f68f540c-58a0-4de5-a489-9f25c0f2fe33}</UniqueIdentifier>
    </Filter>
    <Filter Include="02.Structure\Resource">
      <UniqueIdentifier>{d34a8e07-e6c7-4167-9cf3-6723d9c5b946}</UniqueIdentifier>
    </Filter>
    <Filter Include="04.Component\02.Camera">
      <UniqueIdentifier>{51333a50-2a30-454c-a0f9-9846d2c74f15}</UniqueIdentifier>
    </Filter>
    <Filter Include="01.Manager\07.UiManager">
      <UniqueIdentifier>{57777b2c-7a59-4123-a81d-f33b66266076}</UniqueIdentifier>
    </Filter>
    <Filter Include="02.Structure\Component\UI_Component">
      <UniqueIdentifier>{301b6b8d-1ec9-448c-9d4c-2eb98f364685}</UniqueIdentifier>
    </Filter>
    <Filter Include="01.Manager\98.SystemManager">
      <UniqueIdentifier>{f74103e2-4792-4616-aa96-051ec1a5039a}</UniqueIdentifier>
    </Filter>
    <Filter Include="97.System">
      <UniqueIdentifier>{6db0610e-f6ed-45fb-9fc9-aea4be97514a}</UniqueIdentifier>
    </Filter>
    <Filter Include="96.Utility">
      <UniqueIdentifier>{6c6ac9f5-1a30-4b3a-b754-b6e4d7ee62d4}</UniqueIdentifier>
    </Filter>
    <Filter Include="96.Utility\String/Char_Function">
      <UniqueIdentifier>{d6bcb00d-7b84-4c74-a78b-f7420d37b020}</UniqueIdentifier>
    </Filter>
    <Filter Include="96.Utility\Math">
      <UniqueIdentifier>{c90ae67e-3072-44fa-b748-d33f7e99b3b2}</UniqueIdentifier>
    </Filter>
    <Filter Include="97.System\00.FPS">
      <UniqueIdentifier>{c95c7d61-9574-4f3d-b36a-675f9a65cd7a}</UniqueIdentifier>
    </Filter>
    <Filter Include="06.Resource\02.Texture">
      <UniqueIdentifier>{930bd6be-7d46-4f4a-b929-428219d8df01}</UniqueIdentifier>
    </Filter>
    <Filter Include="06.Resource\01.Mesh">
      <UniqueIdentifier>{50f4a94a-bc38-4672-94d3-51a0b958bf4a}</UniqueIdentifier>
    </Filter>
    <Filter Include="06.Resource\03.UI">
      <UniqueIdentifier>{8d658703-8235-4c0f-ac07-1f8981c6a563}</UniqueIdentifier>
    </Filter>
    <Filter Include="06.Resource\03.UI\00.Sprite">
      <UniqueIdentifier>{3b9b2d4a-7644-49e8-a878-a68aad4acf11}</UniqueIdentifier>
    </Filter>
    <Filter Include="06.Resource\03.UI\01.Text">
      <UniqueIdentifier>{eee441eb-bb7a-4bee-8bc5-ebea371733a4}</UniqueIdentifier>
    </Filter>
    <Filter Include="06.Resource\00.VIBuffer\00.Line">
      <UniqueIdentifier>{e48dbcc0-3293-42e3-9e8f-e5c8c86ce763}</UniqueIdentifier>
    </Filter>
    <Filter Include="06.Resource\00.VIBuffer\01.Triangle">
      <UniqueIdentifier>{1584bd63-fbc3-4d33-b3ce-bb2c791451c1}</UniqueIdentifier>
    </Filter>
    <Filter Include="06.Resource\00.VIBuffer\02.Rect">
      <UniqueIdentifier>{84ec73d5-6fcf-4794-99db-3122b294e5fb}</UniqueIdentifier>
    </Filter>
    <Filter Include="06.Resource\00.VIBuffer\02.Rect\01.Texture_Image">
      <UniqueIdentifier>{2dcb53dd-8626-4818-9073-0f14aa213f11}</UniqueIdentifier>
    </Filter>
    <Filter Include="06.Resource\00.VIBuffer\02.Rect\00.Color">
      <UniqueIdentifier>{987b3ad2-e593-46e1-b831-fd0507e06e20}</UniqueIdentifier>
    </Filter>
    <Filter Include="06.Resource\00.VIBuffer\03.Cube">
      <UniqueIdentifier>{51fd29e1-39c0-47af-8dfe-5b4ec157786d}</UniqueIdentifier>
    </Filter>
    <Filter Include="06.Resource\00.VIBuffer\03.Cube\00.Color">
      <UniqueIdentifier>{9391b299-58c9-41b8-b579-b1c89e0e7f7f}</UniqueIdentifier>
    </Filter>
    <Filter Include="06.Resource\00.VIBuffer\03.Cube\01.Texture_Imgae">
      <UniqueIdentifier>{fe9c70e3-1ca4-477a-9f81-210f609eea0d}</UniqueIdentifier>
    </Filter>
    <Filter Include="06.Resource\00.VIBuffer\03.Cube\02.DDS">
      <UniqueIdentifier>{bc8587de-2385-4e83-9c49-519b06c0a84c}</UniqueIdentifier>
    </Filter>
    <Filter Include="06.Resource\00.VIBuffer\04.SkyBox">
      <UniqueIdentifier>{d49760c5-d5ab-4e5d-862d-e26e2cfa6aed}</UniqueIdentifier>
    </Filter>
    <Filter Include="06.Resource\00.VIBuffer\05.Sphere">
      <UniqueIdentifier>{a270a619-3ff3-4299-a722-59a85c1c27dc}</UniqueIdentifier>
    </Filter>
    <Filter Include="06.Resource\01.Mesh\Hierarchy_Loader">
      <UniqueIdentifier>{d4abe9f0-659c-4f31-96ee-88de662c83e0}</UniqueIdentifier>
    </Filter>
    <Filter Include="04.Component\03.Animation_Controller">
      <UniqueIdentifier>{493ae1c6-e5d4-4fe3-bcb3-8e51b994977d}</UniqueIdentifier>
    </Filter>
    <Filter Include="06.Resource\01.Mesh\99.Olds">
      <UniqueIdentifier>{0ba1e5b5-3db7-4629-9e0f-ffa1a3fa117f}</UniqueIdentifier>
    </Filter>
    <Filter Include="06.Resource\01.Mesh\99.Olds\01.AnimMesh">
      <UniqueIdentifier>{7eeb7c01-0280-4fd4-903d-970a459b4d61}</UniqueIdentifier>
    </Filter>
    <Filter Include="06.Resource\01.Mesh\99.Olds\00.StaticMesh">
      <UniqueIdentifier>{7972b6a8-f062-4648-8b2d-b7217b1dbd13}</UniqueIdentifier>
    </Filter>
    <Filter Include="06.Resource\00.VIBuffer\06.Terrain">
      <UniqueIdentifier>{ae07a05e-20d5-417b-8b6d-c649648a7b5f}</UniqueIdentifier>
    </Filter>
    <Filter Include="06.Resource\01.Mesh\99.Olds\AnimationController_NO">
      <UniqueIdentifier>{848b00bf-9598-4740-86a3-fbcdb3fc50d5}</UniqueIdentifier>
    </Filter>
    <Filter Include="04.Component\99.SaveInfo">
      <UniqueIdentifier>{c523da75-afbe-4128-a58a-c453ce374637}</UniqueIdentifier>
    </Filter>
    <Filter Include="01.Manager\08.LightManager">
      <UniqueIdentifier>{9515f512-346f-4364-b1d5-afc6219cd798}</UniqueIdentifier>
    </Filter>
    <Filter Include="01.Manager\09.ShaderManager">
      <UniqueIdentifier>{601f95ca-5078-4987-83e0-f6ba267c04ec}</UniqueIdentifier>
    </Filter>
    <Filter Include="04.Component\05.Shader">
      <UniqueIdentifier>{ca5e4240-cfbe-4302-a54a-f735f497682d}</UniqueIdentifier>
    </Filter>
    <Filter Include="04.Component\05.Shader\Fx">
      <UniqueIdentifier>{47cae730-5b63-413a-905c-88a25a81e506}</UniqueIdentifier>
    </Filter>
    <Filter Include="98.Headers">
      <UniqueIdentifier>{e5fe7f53-2f2c-417b-92bf-e22f5a7df445}</UniqueIdentifier>
    </Filter>
    <Filter Include="98.Headers\Define">
      <UniqueIdentifier>{46a377ed-8439-4bb4-9a58-3a27f50f8dd2}</UniqueIdentifier>
    </Filter>
    <Filter Include="98.Headers\Enum">
      <UniqueIdentifier>{ee2c32f3-2e4d-488d-b168-786b84f939d0}</UniqueIdentifier>
    </Filter>
    <Filter Include="98.Headers\Extern">
      <UniqueIdentifier>{d3c31e27-fed9-4f69-84af-7a683aa51c57}</UniqueIdentifier>
    </Filter>
    <Filter Include="98.Headers\Struct">
      <UniqueIdentifier>{0ac7187f-d001-466c-ae39-47096ae7b932}</UniqueIdentifier>
    </Filter>
    <Filter Include="98.Headers\TypeDef">
      <UniqueIdentifier>{6f713e96-446c-4f78-b4a9-85e28c6dacd1}</UniqueIdentifier>
    </Filter>
    <Filter Include="04.Component\06.StateController">
      <UniqueIdentifier>{58bd4c95-9b53-4b6d-b42a-a98d5d796bd6}</UniqueIdentifier>
    </Filter>
    <Filter Include="02.Structure\State">
      <UniqueIdentifier>{63fe55ad-c04e-4e22-8672-3ff0c041c85f}</UniqueIdentifier>
    </Filter>
    <Filter Include="06.Resource\00.VIBuffer\00.Line\Grid_Old">
      <UniqueIdentifier>{5438ed5b-2b60-4de7-bf15-e20c728078db}</UniqueIdentifier>
    </Filter>
    <Filter Include="06.Resource\00.VIBuffer\00.Line\Gizmo_Old">
      <UniqueIdentifier>{f570a6e7-d073-47b0-adcb-e500c9b3964d}</UniqueIdentifier>
    </Filter>
    <Filter Include="06.Resource\03.UI\02.Line">
      <UniqueIdentifier>{d4a491bf-8d75-4b8b-810e-d5f77f9ccf19}</UniqueIdentifier>
    </Filter>
    <Filter Include="06.Resource\04.Light">
      <UniqueIdentifier>{b73ec913-f6f1-4c31-ad26-c74b1ee09f6f}</UniqueIdentifier>
    </Filter>
    <Filter Include="01.Manager\10.LineManager">
      <UniqueIdentifier>{9f79fcb8-5dba-4b84-9301-45d216d7ddb6}</UniqueIdentifier>
    </Filter>
    <Filter Include="03.GameObject\NaviMesh">
      <UniqueIdentifier>{c6c694a1-aaa7-415a-95c1-9020c8eeed59}</UniqueIdentifier>
    </Filter>
    <Filter Include="03.GameObject\NaviMesh\01.Cell">
      <UniqueIdentifier>{692c9889-8427-447e-b0ff-5cbe2b02df75}</UniqueIdentifier>
    </Filter>
    <Filter Include="03.GameObject\NaviMesh\00.Point">
      <UniqueIdentifier>{66a03504-ce58-4abf-a42a-a7c13ff9d942}</UniqueIdentifier>
    </Filter>
    <Filter Include="03.GameObject\NaviMesh\02.NaviMesh">
      <UniqueIdentifier>{463795d0-284b-458d-a53f-13606fa10f85}</UniqueIdentifier>
    </Filter>
    <Filter Include="04.Component\01.Renderer\00.VIBuffer">
      <UniqueIdentifier>{4f6d56fa-9e5c-4226-a812-ac76cc1f65e7}</UniqueIdentifier>
    </Filter>
    <Filter Include="04.Component\01.Renderer\01.Mesh">
      <UniqueIdentifier>{66f99d37-a6e5-4a95-a0b6-2e0b80d594ea}</UniqueIdentifier>
    </Filter>
    <Filter Include="04.Component\01.Renderer\03.UI">
      <UniqueIdentifier>{c6d69e93-ac04-4573-a3ab-b7876877b535}</UniqueIdentifier>
    </Filter>
    <Filter Include="04.Component\01.Renderer\03.UI\00.VIBuffer_UI">
      <UniqueIdentifier>{5b8ff8e6-c3ba-4a73-980a-eaa4581e7fcf}</UniqueIdentifier>
    </Filter>
    <Filter Include="04.Component\01.Renderer\03.UI\01.Sprite">
      <UniqueIdentifier>{7d419851-bfec-4bf6-bbd5-a868c8cb778a}</UniqueIdentifier>
    </Filter>
    <Filter Include="04.Component\01.Renderer\03.UI\02.Text">
      <UniqueIdentifier>{541f05d2-fa9a-4972-9a21-c8e6bdc25395}</UniqueIdentifier>
    </Filter>
    <Filter Include="04.Component\01.Renderer\03.UI\03.LIne">
      <UniqueIdentifier>{4a305c74-772c-4bcd-a8a9-d7afa9d0760b}</UniqueIdentifier>
    </Filter>
    <Filter Include="01.Manager\11.NaviMeshManager">
      <UniqueIdentifier>{29ea6d56-bfe6-4293-8682-993601bdfc90}</UniqueIdentifier>
    </Filter>
    <Filter Include="04.Component\99.SaveInfo\Terrain_SaveInfo">
      <UniqueIdentifier>{f689cbc0-5204-44bd-9668-df9db8cd81a0}</UniqueIdentifier>
    </Filter>
    <Filter Include="04.Component\99.SaveInfo\NaviMesh_SaveInfo">
      <UniqueIdentifier>{291038dd-6731-4fae-870d-c3b34472f3b9}</UniqueIdentifier>
    </Filter>
  </ItemGroup>
  <ItemGroup>
    <ClCompile Include="..\Cpp\DeviceManager.cpp">
      <Filter>01.Manager\00.Dx9DeviceManager</Filter>
    </ClCompile>
    <ClCompile Include="..\Cpp\TimeManager.cpp">
      <Filter>01.Manager\01.TimeManager</Filter>
    </ClCompile>
    <ClCompile Include="..\Cpp\Cycle.cpp">
      <Filter>02.Structure\Cycle</Filter>
    </ClCompile>
    <ClCompile Include="..\Cpp\Renderer.cpp">
      <Filter>02.Structure\Renderer</Filter>
    </ClCompile>
    <ClCompile Include="..\Cpp\SceneManager.cpp">
      <Filter>01.Manager\03.SceneManager</Filter>
    </ClCompile>
    <ClCompile Include="..\Cpp\Scene.cpp">
      <Filter>05.Scene</Filter>
    </ClCompile>
    <ClCompile Include="..\Cpp\GameObject.cpp">
      <Filter>03.GameObject</Filter>
    </ClCompile>
    <ClCompile Include="..\Cpp\GameObjectManager.cpp">
      <Filter>01.Manager\04.GameObjectManager</Filter>
    </ClCompile>
    <ClCompile Include="..\Cpp\RenderManager.cpp">
      <Filter>01.Manager\05.RenderManager</Filter>
    </ClCompile>
    <ClCompile Include="..\Cpp\InputManager.cpp">
      <Filter>01.Manager\02.InputManager</Filter>
    </ClCompile>
    <ClCompile Include="..\Cpp\Component.cpp">
      <Filter>02.Structure\Component</Filter>
    </ClCompile>
    <ClCompile Include="..\Cpp\VIBuffer_Renderer.cpp">
      <Filter>04.Component\01.Renderer\00.VIBuffer</Filter>
    </ClCompile>
    <ClCompile Include="..\Cpp\DebugManager.cpp">
      <Filter>01.Manager\99.DebugManager</Filter>
    </ClCompile>
    <ClCompile Include="..\Cpp\Transform.cpp">
      <Filter>04.Component\00.Transform</Filter>
    </ClCompile>
    <ClCompile Include="..\Cpp\VIBuffer.cpp">
      <Filter>06.Resource\00.VIBuffer</Filter>
    </ClCompile>
    <ClCompile Include="..\Cpp\Triangle_VIBuffer_Color.cpp">
      <Filter>06.Resource\00.VIBuffer\01.Triangle</Filter>
    </ClCompile>
    <ClCompile Include="..\Cpp\Engine_Mother.cpp">
      <Filter>00.Mother</Filter>
    </ClCompile>
    <ClCompile Include="..\Cpp\ResourceManager.cpp">
      <Filter>01.Manager\06.ResourceManager</Filter>
    </ClCompile>
    <ClCompile Include="..\Cpp\CResource.cpp">
      <Filter>02.Structure\Resource</Filter>
    </ClCompile>
    <ClCompile Include="..\Cpp\Function_String.cpp">
      <Filter>96.Utility\String/Char_Function</Filter>
    </ClCompile>
    <ClCompile Include="..\Cpp\Camera.cpp">
      <Filter>04.Component\02.Camera</Filter>
    </ClCompile>
    <ClCompile Include="..\Cpp\SkyBox_VIBuffer_DDS.cpp">
      <Filter>06.Resource\00.VIBuffer\04.SkyBox</Filter>
    </ClCompile>
    <ClCompile Include="..\Cpp\Rect_VIBuffer_Color.cpp">
      <Filter>06.Resource\00.VIBuffer\02.Rect\00.Color</Filter>
    </ClCompile>
    <ClCompile Include="..\Cpp\Cube_VIBuffer_Texture.cpp">
      <Filter>06.Resource\00.VIBuffer\03.Cube\01.Texture_Imgae</Filter>
    </ClCompile>
    <ClCompile Include="..\Cpp\Rect_VIBuffer_Texture.cpp">
      <Filter>06.Resource\00.VIBuffer\02.Rect\01.Texture_Image</Filter>
    </ClCompile>
    <ClCompile Include="..\Cpp\Cube_VIBuffer_DDS.cpp">
      <Filter>06.Resource\00.VIBuffer\03.Cube\02.DDS</Filter>
    </ClCompile>
    <ClCompile Include="..\Cpp\Texture.cpp">
      <Filter>06.Resource\02.Texture</Filter>
    </ClCompile>
    <ClCompile Include="..\Cpp\Cube_VIBuffer_Color.cpp">
      <Filter>06.Resource\00.VIBuffer\03.Cube\00.Color</Filter>
    </ClCompile>
    <ClCompile Include="..\Cpp\UI_Renderer.cpp">
      <Filter>04.Component\01.Renderer\03.UI</Filter>
    </ClCompile>
    <ClCompile Include="..\Cpp\Sprite.cpp">
      <Filter>06.Resource\03.UI\00.Sprite</Filter>
    </ClCompile>
    <ClCompile Include="..\Cpp\UIManager.cpp">
      <Filter>01.Manager\07.UiManager</Filter>
    </ClCompile>
    <ClCompile Include="..\Cpp\Text.cpp">
      <Filter>06.Resource\03.UI\01.Text</Filter>
    </ClCompile>
    <ClCompile Include="..\Cpp\UI.cpp">
      <Filter>06.Resource\03.UI</Filter>
    </ClCompile>
    <ClCompile Include="..\Cpp\UI_Component.cpp">
      <Filter>02.Structure\Component\UI_Component</Filter>
    </ClCompile>
    <ClCompile Include="..\Cpp\SystemManager.cpp">
      <Filter>01.Manager\98.SystemManager</Filter>
    </ClCompile>
    <ClCompile Include="..\Cpp\StaticMesh.cpp">
      <Filter>06.Resource\01.Mesh\99.Olds\00.StaticMesh</Filter>
    </ClCompile>
    <ClCompile Include="..\Cpp\AnimMesh.cpp">
      <Filter>06.Resource\01.Mesh\99.Olds\01.AnimMesh</Filter>
    </ClCompile>
    <ClCompile Include="..\Cpp\Mesh.cpp">
      <Filter>06.Resource\01.Mesh</Filter>
    </ClCompile>
    <ClCompile Include="..\Cpp\Mesh_Renderer.cpp">
      <Filter>04.Component\01.Renderer\01.Mesh</Filter>
    </ClCompile>
    <ClCompile Include="..\Cpp\Line_VIBuffer_Gizmo.cpp">
      <Filter>06.Resource\00.VIBuffer\00.Line\Gizmo_Old</Filter>
    </ClCompile>
    <ClCompile Include="..\Cpp\Line_VIBuffer_Grid.cpp">
      <Filter>06.Resource\00.VIBuffer\00.Line\Grid_Old</Filter>
    </ClCompile>
    <ClCompile Include="..\Cpp\AnimationController.cpp">
      <Filter>06.Resource\01.Mesh\99.Olds\AnimationController_NO</Filter>
    </ClCompile>
    <ClCompile Include="..\Cpp\Anim_Controller.cpp">
      <Filter>04.Component\03.Animation_Controller</Filter>
    </ClCompile>
    <ClCompile Include="..\Cpp\Hierarchy_Loader.cpp">
      <Filter>06.Resource\01.Mesh\Hierarchy_Loader</Filter>
    </ClCompile>
    <ClCompile Include="..\Cpp\Shader.cpp">
      <Filter>04.Component\05.Shader</Filter>
    </ClCompile>
    <ClCompile Include="..\Cpp\Function_Math.cpp">
      <Filter>96.Utility\Math</Filter>
    </ClCompile>
    <ClCompile Include="..\Cpp\LightManager.cpp">
      <Filter>01.Manager\08.LightManager</Filter>
    </ClCompile>
    <ClCompile Include="..\Cpp\Light.cpp">
      <Filter>06.Resource\04.Light</Filter>
    </ClCompile>
    <ClCompile Include="..\Cpp\NaviMesh.cpp">
      <Filter>03.GameObject\NaviMesh\02.NaviMesh</Filter>
    </ClCompile>
    <ClCompile Include="..\Cpp\NaviPoint.cpp">
      <Filter>03.GameObject\NaviMesh\00.Point</Filter>
    </ClCompile>
    <ClCompile Include="..\Cpp\NaviCell.cpp">
      <Filter>03.GameObject\NaviMesh\01.Cell</Filter>
    </ClCompile>
    <ClCompile Include="..\Cpp\Line.cpp">
      <Filter>06.Resource\03.UI\02.Line</Filter>
    </ClCompile>
    <ClCompile Include="..\Cpp\LineManager.cpp">
      <Filter>01.Manager\10.LineManager</Filter>
    </ClCompile>
    <ClCompile Include="..\Cpp\StateController.cpp">
      <Filter>04.Component\06.StateController</Filter>
    </ClCompile>
    <ClCompile Include="..\Cpp\CState.cpp">
      <Filter>02.Structure\State</Filter>
    </ClCompile>
    <ClCompile Include="..\Cpp\Line_Renderer.cpp">
      <Filter>04.Component\01.Renderer\03.UI\03.LIne</Filter>
    </ClCompile>
    <ClCompile Include="..\Cpp\Sprite_Renderer.cpp">
      <Filter>04.Component\01.Renderer\03.UI\01.Sprite</Filter>
    </ClCompile>
    <ClCompile Include="..\Cpp\Text_Renderer.cpp">
      <Filter>04.Component\01.Renderer\03.UI\02.Text</Filter>
    </ClCompile>
    <ClCompile Include="..\Cpp\SaveInfo.cpp">
      <Filter>04.Component\99.SaveInfo\Terrain_SaveInfo</Filter>
    </ClCompile>
    <ClCompile Include="..\Cpp\SaveInfo_NaviMesh.cpp">
      <Filter>04.Component\99.SaveInfo\NaviMesh_SaveInfo</Filter>
    </ClCompile>
  </ItemGroup>
  <ItemGroup>
    <ClInclude Include="..\Header\DeviceManager.h">
      <Filter>01.Manager\00.Dx9DeviceManager</Filter>
    </ClInclude>
    <ClInclude Include="..\Header\TimeManager.h">
      <Filter>01.Manager\01.TimeManager</Filter>
    </ClInclude>
    <ClInclude Include="..\Header\Engine_Include.h">
      <Filter>98.Headers</Filter>
    </ClInclude>
    <ClInclude Include="..\Header\Engine_Struct.h">
      <Filter>98.Headers\Struct</Filter>
    </ClInclude>
    <ClInclude Include="..\Header\Engine_Extern.h">
      <Filter>98.Headers\Extern</Filter>
    </ClInclude>
    <ClInclude Include="..\Header\Engine_Enum.h">
      <Filter>98.Headers\Enum</Filter>
    </ClInclude>
    <ClInclude Include="..\Header\Engine_Define.h">
      <Filter>98.Headers\Define</Filter>
    </ClInclude>
    <ClInclude Include="..\Header\Cycle.h">
      <Filter>02.Structure\Cycle</Filter>
    </ClInclude>
    <ClInclude Include="..\Header\Renderer.h">
      <Filter>02.Structure\Renderer</Filter>
    </ClInclude>
    <ClInclude Include="..\Header\SceneManager.h">
      <Filter>01.Manager\03.SceneManager</Filter>
    </ClInclude>
    <ClInclude Include="..\Header\Scene.h">
      <Filter>05.Scene</Filter>
    </ClInclude>
    <ClInclude Include="..\Header\GameObject.h">
      <Filter>03.GameObject</Filter>
    </ClInclude>
    <ClInclude Include="..\Header\GameObjectManager.h">
      <Filter>01.Manager\04.GameObjectManager</Filter>
    </ClInclude>
    <ClInclude Include="..\Header\RenderManager.h">
      <Filter>01.Manager\05.RenderManager</Filter>
    </ClInclude>
    <ClInclude Include="..\Header\InputManager.h">
      <Filter>01.Manager\02.InputManager</Filter>
    </ClInclude>
    <ClInclude Include="..\Header\Component.h">
      <Filter>02.Structure\Component</Filter>
    </ClInclude>
    <ClInclude Include="..\Header\VIBuffer_Renderer.h">
      <Filter>04.Component\01.Renderer\00.VIBuffer</Filter>
    </ClInclude>
    <ClInclude Include="..\Header\Engine_KeyDefine.h">
      <Filter>98.Headers\Define</Filter>
    </ClInclude>
    <ClInclude Include="..\Header\DebugManager.h">
      <Filter>01.Manager\99.DebugManager</Filter>
    </ClInclude>
    <ClInclude Include="..\Header\Engine_TypeDef.h">
      <Filter>98.Headers\TypeDef</Filter>
    </ClInclude>
    <ClInclude Include="..\Header\Transform.h">
      <Filter>04.Component\00.Transform</Filter>
    </ClInclude>
    <ClInclude Include="..\Header\VIBuffer.h">
      <Filter>06.Resource\00.VIBuffer</Filter>
    </ClInclude>
    <ClInclude Include="..\Header\Triangle_VIBuffer_Color.h">
      <Filter>06.Resource\00.VIBuffer\01.Triangle</Filter>
    </ClInclude>
    <ClInclude Include="..\Header\Engine_Mother.h">
      <Filter>00.Mother</Filter>
    </ClInclude>
    <ClInclude Include="..\Header\ResourceManager.h">
      <Filter>01.Manager\06.ResourceManager</Filter>
    </ClInclude>
    <ClInclude Include="..\Header\CResource.h">
      <Filter>02.Structure\Resource</Filter>
    </ClInclude>
    <ClInclude Include="..\Header\Function_String.h">
      <Filter>96.Utility\String/Char_Function</Filter>
    </ClInclude>
    <ClInclude Include="..\Header\Camera.h">
      <Filter>04.Component\02.Camera</Filter>
    </ClInclude>
    <ClInclude Include="..\Header\SkyBox_VIBuffer_DDS.h">
      <Filter>06.Resource\00.VIBuffer\04.SkyBox</Filter>
    </ClInclude>
    <ClInclude Include="..\Header\Rect_VIBuffer_Color.h">
      <Filter>06.Resource\00.VIBuffer\02.Rect\00.Color</Filter>
    </ClInclude>
    <ClInclude Include="..\Header\Cube_VIBuffer_Texture.h">
      <Filter>06.Resource\00.VIBuffer\03.Cube\01.Texture_Imgae</Filter>
    </ClInclude>
    <ClInclude Include="..\Header\Rect_VIBuffer_Texture.h">
      <Filter>06.Resource\00.VIBuffer\02.Rect\01.Texture_Image</Filter>
    </ClInclude>
    <ClInclude Include="..\Header\Cube_VIBuffer_DDS.h">
      <Filter>06.Resource\00.VIBuffer\03.Cube\02.DDS</Filter>
    </ClInclude>
    <ClInclude Include="..\Header\Texture.h">
      <Filter>06.Resource\02.Texture</Filter>
    </ClInclude>
    <ClInclude Include="..\Header\Cube_VIBuffer_Color.h">
      <Filter>06.Resource\00.VIBuffer\03.Cube\00.Color</Filter>
    </ClInclude>
    <ClInclude Include="..\Header\UI_Renderer.h">
      <Filter>04.Component\01.Renderer\03.UI</Filter>
    </ClInclude>
    <ClInclude Include="..\Header\Sprite.h">
      <Filter>06.Resource\03.UI\00.Sprite</Filter>
    </ClInclude>
    <ClInclude Include="..\Header\UIManager.h">
      <Filter>01.Manager\07.UiManager</Filter>
    </ClInclude>
    <ClInclude Include="..\Header\Text.h">
      <Filter>06.Resource\03.UI\01.Text</Filter>
    </ClInclude>
    <ClInclude Include="..\Header\UI.h">
      <Filter>06.Resource\03.UI</Filter>
    </ClInclude>
    <ClInclude Include="..\Header\UI_Component.h">
      <Filter>02.Structure\Component\UI_Component</Filter>
    </ClInclude>
    <ClInclude Include="..\Header\SystemManager.h">
      <Filter>01.Manager\98.SystemManager</Filter>
    </ClInclude>
    <ClInclude Include="..\Header\StaticMesh.h">
      <Filter>06.Resource\01.Mesh\99.Olds\00.StaticMesh</Filter>
    </ClInclude>
    <ClInclude Include="..\Header\AnimMesh.h">
      <Filter>06.Resource\01.Mesh\99.Olds\01.AnimMesh</Filter>
    </ClInclude>
    <ClInclude Include="..\Header\Mesh.h">
      <Filter>06.Resource\01.Mesh</Filter>
    </ClInclude>
    <ClInclude Include="..\Header\Mesh_Renderer.h">
      <Filter>04.Component\01.Renderer\01.Mesh</Filter>
    </ClInclude>
    <ClInclude Include="..\Header\Line_VIBuffer_Gizmo.h">
      <Filter>06.Resource\00.VIBuffer\00.Line\Gizmo_Old</Filter>
    </ClInclude>
    <ClInclude Include="..\Header\Line_VIBuffer_Grid.h">
      <Filter>06.Resource\00.VIBuffer\00.Line\Grid_Old</Filter>
    </ClInclude>
    <ClInclude Include="..\Header\AnimationController.h">
      <Filter>06.Resource\01.Mesh\99.Olds\AnimationController_NO</Filter>
    </ClInclude>
    <ClInclude Include="..\Header\Anim_Controller.h">
      <Filter>04.Component\03.Animation_Controller</Filter>
    </ClInclude>
    <ClInclude Include="..\Header\Hierarchy_Loader.h">
      <Filter>06.Resource\01.Mesh\Hierarchy_Loader</Filter>
    </ClInclude>
    <ClInclude Include="..\Header\Shader.h">
      <Filter>04.Component\05.Shader</Filter>
    </ClInclude>
    <ClInclude Include="..\Header\Function_Math.h">
      <Filter>96.Utility\Math</Filter>
    </ClInclude>
    <ClInclude Include="..\Header\LightManager.h">
      <Filter>01.Manager\08.LightManager</Filter>
    </ClInclude>
    <ClInclude Include="..\Header\Light.h">
      <Filter>06.Resource\04.Light</Filter>
    </ClInclude>
    <ClInclude Include="..\Header\NaviMesh.h">
      <Filter>03.GameObject\NaviMesh\02.NaviMesh</Filter>
    </ClInclude>
    <ClInclude Include="..\Header\NaviPoint.h">
      <Filter>03.GameObject\NaviMesh\00.Point</Filter>
    </ClInclude>
    <ClInclude Include="..\Header\NaviCell.h">
      <Filter>03.GameObject\NaviMesh\01.Cell</Filter>
    </ClInclude>
    <ClInclude Include="..\Header\Line.h">
      <Filter>06.Resource\03.UI\02.Line</Filter>
    </ClInclude>
    <ClInclude Include="..\Header\LineManager.h">
      <Filter>01.Manager\10.LineManager</Filter>
    </ClInclude>
    <ClInclude Include="..\Header\StateController.h">
      <Filter>04.Component\06.StateController</Filter>
    </ClInclude>
    <ClInclude Include="..\Header\CState.h">
      <Filter>02.Structure\State</Filter>
    </ClInclude>
    <ClInclude Include="..\Header\Line_Renderer.h">
      <Filter>04.Component\01.Renderer\03.UI\03.LIne</Filter>
    </ClInclude>
    <ClInclude Include="..\Header\Sprite_Renderer.h">
      <Filter>04.Component\01.Renderer\03.UI\01.Sprite</Filter>
    </ClInclude>
    <ClInclude Include="..\Header\Text_Renderer.h">
      <Filter>04.Component\01.Renderer\03.UI\02.Text</Filter>
    </ClInclude>
    <ClInclude Include="..\Header\SaveInfo.h">
      <Filter>04.Component\99.SaveInfo\Terrain_SaveInfo</Filter>
    </ClInclude>
    <ClInclude Include="..\Header\SaveInfo_NaviMesh.h">
      <Filter>04.Component\99.SaveInfo\NaviMesh_SaveInfo</Filter>
    </ClInclude>
  </ItemGroup>
  <ItemGroup>
    <FxCompile Include="..\Shader\Shader_Sample.fx">
      <Filter>04.Component\05.Shader\Fx</Filter>
    </FxCompile>
    <FxCompile Include="..\Shader\Shader_Mesh.fx">
      <Filter>04.Component\05.Shader\Fx</Filter>
    </FxCompile>
  </ItemGroup>
</Project>