<?xml version="1.0" encoding="utf-8"?>
<Project ToolsVersion="4.0" xmlns="http://schemas.microsoft.com/developer/msbuild/2003">
  <ItemGroup>
    <Filter Include="99.Wls">
      <UniqueIdentifier>{ad2335fd-048b-4fa4-a691-77eb4809ad24}</UniqueIdentifier>
    </Filter>
    <Filter Include="99.Wls\리소스 파일">
      <UniqueIdentifier>{67DA6AB6-F800-4c08-8B7A-83BB121AAD01}</UniqueIdentifier>
      <Extensions>rc;ico;cur;bmp;dlg;rc2;rct;bin;rgs;gif;jpg;jpeg;jpe;resx;tiff;tif;png;wav;mfcribbon-ms</Extensions>
    </Filter>
    <Filter Include="00.WinAPI">
      <UniqueIdentifier>{10cc24f6-370d-457c-a531-b1bec1e2ffce}</UniqueIdentifier>
    </Filter>
    <Filter Include="98.Header">
      <UniqueIdentifier>{43227f49-dbae-42c9-a9cc-0a6c37dc249e}</UniqueIdentifier>
    </Filter>
    <Filter Include="98.Header\Define">
      <UniqueIdentifier>{4d3efc21-c034-4eec-9178-152533562cc1}</UniqueIdentifier>
    </Filter>
    <Filter Include="98.Header\Enum">
      <UniqueIdentifier>{d67671b2-477f-43ff-9adc-e7dba2959bb9}</UniqueIdentifier>
    </Filter>
    <Filter Include="98.Header\Extern">
      <UniqueIdentifier>{bae49265-088e-47d2-83ce-7fefc4219b48}</UniqueIdentifier>
    </Filter>
    <Filter Include="98.Header\Struct">
      <UniqueIdentifier>{b7ee87de-8ebe-4781-9e06-4e2b68406c70}</UniqueIdentifier>
    </Filter>
    <Filter Include="01.MainGame">
      <UniqueIdentifier>{67666196-220f-428e-b665-24722917ca9d}</UniqueIdentifier>
    </Filter>
    <Filter Include="98.Header\TypeDef">
      <UniqueIdentifier>{d0d90b2b-cd13-46b4-9a0f-a9173503df42}</UniqueIdentifier>
    </Filter>
    <Filter Include="02.Scene">
      <UniqueIdentifier>{5f8c3610-1597-494a-97ab-2484dcc1a9f1}</UniqueIdentifier>
    </Filter>
    <Filter Include="02.Scene\00.Intro">
      <UniqueIdentifier>{b02d307a-3bd2-4688-a6f7-80aa324267a6}</UniqueIdentifier>
    </Filter>
    <Filter Include="02.Scene\01.MainMenu">
      <UniqueIdentifier>{a93ee90a-2a2b-4d63-aafa-59bbfccf0de6}</UniqueIdentifier>
    </Filter>
    <Filter Include="02.Scene\99.TestScene">
      <UniqueIdentifier>{5b358ecb-96f3-4421-9fba-1103ddf02972}</UniqueIdentifier>
    </Filter>
    <Filter Include="05.Objects">
      <UniqueIdentifier>{c6c4ea17-3674-4723-a3b2-4ff32199c3ad}</UniqueIdentifier>
    </Filter>
    <Filter Include="05.Objects\00.Player">
      <UniqueIdentifier>{441fd630-3198-4e91-8330-92e907c50c8e}</UniqueIdentifier>
    </Filter>
    <Filter Include="02.Scene\02.StageSettingScene">
      <UniqueIdentifier>{5c3e3501-d988-4164-b435-46a867012442}</UniqueIdentifier>
    </Filter>
    <Filter Include="02.Scene\03.Stage">
      <UniqueIdentifier>{f9ce8cd3-1d80-4cb2-a36d-e20af87e79f0}</UniqueIdentifier>
    </Filter>
  </ItemGroup>
  <ItemGroup>
    <ClInclude Include="targetver.h">
      <Filter>99.Wls</Filter>
    </ClInclude>
    <ClInclude Include="stdafx.h">
      <Filter>00.WinAPI</Filter>
    </ClInclude>
    <ClInclude Include="..\Header\Include.h">
      <Filter>98.Header</Filter>
    </ClInclude>
    <ClInclude Include="Resource.h">
      <Filter>99.Wls</Filter>
    </ClInclude>
    <ClInclude Include="Client.h">
      <Filter>99.Wls</Filter>
    </ClInclude>
    <ClInclude Include="..\Header\Struct.h">
      <Filter>98.Header\Struct</Filter>
    </ClInclude>
    <ClInclude Include="..\Header\Define.h">
      <Filter>98.Header\Define</Filter>
    </ClInclude>
    <ClInclude Include="..\Header\Enum.h">
      <Filter>98.Header\Enum</Filter>
    </ClInclude>
    <ClInclude Include="..\Header\Extern.h">
      <Filter>98.Header\Extern</Filter>
    </ClInclude>
    <ClInclude Include="..\Header\MainGame.h">
      <Filter>01.MainGame</Filter>
    </ClInclude>
    <ClInclude Include="..\Header\TypeDef.h">
      <Filter>98.Header\TypeDef</Filter>
    </ClInclude>
    <ClInclude Include="..\Header\TestScene.h">
      <Filter>02.Scene\99.TestScene</Filter>
    </ClInclude>
    <ClInclude Include="..\Header\Player_Move.h">
      <Filter>05.Objects\00.Player</Filter>
    </ClInclude>
    <ClInclude Include="..\Header\IntroScene.h">
      <Filter>02.Scene\00.Intro</Filter>
    </ClInclude>
  </ItemGroup>
  <ItemGroup>
    <ClCompile Include="Client.cpp">
      <Filter>00.WinAPI</Filter>
    </ClCompile>
    <ClCompile Include="stdafx.cpp">
      <Filter>99.Wls</Filter>
    </ClCompile>
    <ClCompile Include="..\Cpp\MainGame.cpp">
      <Filter>01.MainGame</Filter>
    </ClCompile>
    <ClCompile Include="..\Cpp\TestScene.cpp">
      <Filter>02.Scene\99.TestScene</Filter>
    </ClCompile>
    <ClCompile Include="..\Cpp\Player_Move.cpp">
      <Filter>05.Objects\00.Player</Filter>
    </ClCompile>
    <ClCompile Include="..\Cpp\IntroScene.cpp">
      <Filter>02.Scene\00.Intro</Filter>
    </ClCompile>
  </ItemGroup>
  <ItemGroup>
    <ResourceCompile Include="Client.rc">
      <Filter>99.Wls\리소스 파일</Filter>
    </ResourceCompile>
  </ItemGroup>
  <ItemGroup>
    <Image Include="small.ico">
      <Filter>99.Wls\리소스 파일</Filter>
    </Image>
    <Image Include="Client.ico">
      <Filter>99.Wls\리소스 파일</Filter>
    </Image>
  </ItemGroup>
  <ItemGroup>
    <Text Include="ReadMe.txt">
      <Filter>99.Wls</Filter>
    </Text>
  </ItemGroup>
</Project>