<?xml version="1.0" encoding="utf-8"?>
<Project ToolsVersion="4.0" xmlns="http://schemas.microsoft.com/developer/msbuild/2003">
  <ItemGroup>
    <Filter Include="00.App">
      <UniqueIdentifier>{017f8118-3d7b-4b08-a568-de7b83755988}</UniqueIdentifier>
    </Filter>
    <Filter Include="01.MainFrame">
      <UniqueIdentifier>{91a0ebd2-59bb-4ce9-a67f-e9f0021e66ec}</UniqueIdentifier>
    </Filter>
    <Filter Include="02.Document">
      <UniqueIdentifier>{037035ba-195a-40d9-80ea-cd38d5118049}</UniqueIdentifier>
    </Filter>
    <Filter Include="03.View">
      <UniqueIdentifier>{f88b8c27-d86b-45fa-933f-e0f050bc6baf}</UniqueIdentifier>
    </Filter>
    <Filter Include="99.Wls">
      <UniqueIdentifier>{ad9295d2-f74e-4605-bd66-d9809e2870b9}</UniqueIdentifier>
    </Filter>
    <Filter Include="99.Wls\리소스 파일">
      <UniqueIdentifier>{67DA6AB6-F800-4c08-8B7A-83BB121AAD01}</UniqueIdentifier>
      <Extensions>rc;ico;cur;bmp;dlg;rc2;rct;bin;rgs;gif;jpg;jpeg;jpe;resx;tiff;tif;png;wav;mfcribbon-ms</Extensions>
    </Filter>
  </ItemGroup>
  <ItemGroup>
    <ClInclude Include="MainFrm.h">
      <Filter>01.MainFrame</Filter>
    </ClInclude>
    <ClInclude Include="Tool_ObjectDoc.h">
      <Filter>02.Document</Filter>
    </ClInclude>
    <ClInclude Include="targetver.h">
      <Filter>99.Wls</Filter>
    </ClInclude>
    <ClInclude Include="stdafx.h">
      <Filter>99.Wls</Filter>
    </ClInclude>
    <ClInclude Include="Resource.h">
      <Filter>99.Wls</Filter>
    </ClInclude>
    <ClInclude Include="Tool_ObjectView.h">
      <Filter>03.View</Filter>
    </ClInclude>
    <ClInclude Include="Tool_Object.h">
      <Filter>00.App</Filter>
    </ClInclude>
  </ItemGroup>
  <ItemGroup>
    <ClCompile Include="MainFrm.cpp">
      <Filter>01.MainFrame</Filter>
    </ClCompile>
    <ClCompile Include="Tool_ObjectDoc.cpp">
      <Filter>02.Document</Filter>
    </ClCompile>
    <ClCompile Include="stdafx.cpp">
      <Filter>99.Wls</Filter>
    </ClCompile>
    <ClCompile Include="Tool_ObjectView.cpp">
      <Filter>03.View</Filter>
    </ClCompile>
    <ClCompile Include="Tool_Object.cpp">
      <Filter>00.App</Filter>
    </ClCompile>
  </ItemGroup>
  <ItemGroup>
    <ResourceCompile Include="Tool_Object.rc">
      <Filter>99.Wls\리소스 파일</Filter>
    </ResourceCompile>
  </ItemGroup>
  <ItemGroup>
    <None Include="res\Tool_Object.rc2">
      <Filter>99.Wls\리소스 파일</Filter>
    </None>
  </ItemGroup>
  <ItemGroup>
    <Image Include="res\Tool_ObjectDoc.ico">
      <Filter>99.Wls\리소스 파일</Filter>
    </Image>
    <Image Include="res\Tool_Object.ico">
      <Filter>99.Wls\리소스 파일</Filter>
    </Image>
    <Image Include="res\Toolbar.bmp">
      <Filter>99.Wls\리소스 파일</Filter>
    </Image>
  </ItemGroup>
  <ItemGroup>
    <Text Include="ReadMe.txt">
      <Filter>99.Wls</Filter>
    </Text>
  </ItemGroup>
</Project>